// !$*UTF8*$!
{
	archiveVersion = 1;
	classes = {
	};
	objectVersion = 48;
	objects = {

/* Begin PBXBuildFile section */
		44E078EB2028C7CF00C80DCA /* AppDelegate.swift in Sources */ = {isa = PBXBuildFile; fileRef = 44E078EA2028C7CF00C80DCA /* AppDelegate.swift */; };
		44E078F02028C7CF00C80DCA /* Main.storyboard in Resources */ = {isa = PBXBuildFile; fileRef = 44E078EE2028C7CF00C80DCA /* Main.storyboard */; };
		44E078F22028C7CF00C80DCA /* Assets.xcassets in Resources */ = {isa = PBXBuildFile; fileRef = 44E078F12028C7CF00C80DCA /* Assets.xcassets */; };
		44E078F52028C7CF00C80DCA /* LaunchScreen.storyboard in Resources */ = {isa = PBXBuildFile; fileRef = 44E078F32028C7CF00C80DCA /* LaunchScreen.storyboard */; };
		44E078FF2028C7F300C80DCA /* CloudKit.framework in Frameworks */ = {isa = PBXBuildFile; fileRef = 44E078FE2028C7F300C80DCA /* CloudKit.framework */; };
		44E079022028CCAC00C80DCA /* MainTableViewController.swift in Sources */ = {isa = PBXBuildFile; fileRef = 44E079012028CCAC00C80DCA /* MainTableViewController.swift */; };
		44E079042028CE4B00C80DCA /* Default-568h@2x.png in Resources */ = {isa = PBXBuildFile; fileRef = 44E079032028CE4B00C80DCA /* Default-568h@2x.png */; };
		44E079072028CF3D00C80DCA /* Message.swift in Sources */ = {isa = PBXBuildFile; fileRef = 44E079062028CF3D00C80DCA /* Message.swift */; };
		44E079092028D18900C80DCA /* Constance.swift in Sources */ = {isa = PBXBuildFile; fileRef = 44E079082028D18900C80DCA /* Constance.swift */; };
		44E0790B2028D42800C80DCA /* MessageController.swift in Sources */ = {isa = PBXBuildFile; fileRef = 44E0790A2028D42800C80DCA /* MessageController.swift */; };
		44E0790E2028D59500C80DCA /* CloudKitManager.swift in Sources */ = {isa = PBXBuildFile; fileRef = 44E0790D2028D59500C80DCA /* CloudKitManager.swift */; };
/* End PBXBuildFile section */

/* Begin PBXFileReference section */
		44E078E72028C7CF00C80DCA /* BullitonBoard.app */ = {isa = PBXFileReference; explicitFileType = wrapper.application; includeInIndex = 0; path = BullitonBoard.app; sourceTree = BUILT_PRODUCTS_DIR; };
		44E078EA2028C7CF00C80DCA /* AppDelegate.swift */ = {isa = PBXFileReference; lastKnownFileType = sourcecode.swift; path = AppDelegate.swift; sourceTree = "<group>"; };
		44E078EF2028C7CF00C80DCA /* Base */ = {isa = PBXFileReference; lastKnownFileType = file.storyboard; name = Base; path = Base.lproj/Main.storyboard; sourceTree = "<group>"; };
		44E078F12028C7CF00C80DCA /* Assets.xcassets */ = {isa = PBXFileReference; lastKnownFileType = folder.assetcatalog; path = Assets.xcassets; sourceTree = "<group>"; };
		44E078F42028C7CF00C80DCA /* Base */ = {isa = PBXFileReference; lastKnownFileType = file.storyboard; name = Base; path = Base.lproj/LaunchScreen.storyboard; sourceTree = "<group>"; };
		44E078F62028C7CF00C80DCA /* Info.plist */ = {isa = PBXFileReference; lastKnownFileType = text.plist.xml; path = Info.plist; sourceTree = "<group>"; };
		44E078FC2028C7EA00C80DCA /* BullitonBoard.entitlements */ = {isa = PBXFileReference; lastKnownFileType = text.plist.entitlements; path = BullitonBoard.entitlements; sourceTree = "<group>"; };
		44E078FE2028C7F300C80DCA /* CloudKit.framework */ = {isa = PBXFileReference; lastKnownFileType = wrapper.framework; name = CloudKit.framework; path = System/Library/Frameworks/CloudKit.framework; sourceTree = SDKROOT; };
		44E079012028CCAC00C80DCA /* MainTableViewController.swift */ = {isa = PBXFileReference; lastKnownFileType = sourcecode.swift; path = MainTableViewController.swift; sourceTree = "<group>"; };
		44E079032028CE4B00C80DCA /* Default-568h@2x.png */ = {isa = PBXFileReference; lastKnownFileType = image.png; path = "Default-568h@2x.png"; sourceTree = "<group>"; };
		44E079062028CF3D00C80DCA /* Message.swift */ = {isa = PBXFileReference; lastKnownFileType = sourcecode.swift; path = Message.swift; sourceTree = "<group>"; };
		44E079082028D18900C80DCA /* Constance.swift */ = {isa = PBXFileReference; lastKnownFileType = sourcecode.swift; path = Constance.swift; sourceTree = "<group>"; };
		44E0790A2028D42800C80DCA /* MessageController.swift */ = {isa = PBXFileReference; lastKnownFileType = sourcecode.swift; path = MessageController.swift; sourceTree = "<group>"; };
		44E0790D2028D59500C80DCA /* CloudKitManager.swift */ = {isa = PBXFileReference; lastKnownFileType = sourcecode.swift; path = CloudKitManager.swift; sourceTree = "<group>"; };
/* End PBXFileReference section */

/* Begin PBXFrameworksBuildPhase section */
		44E078E42028C7CF00C80DCA /* Frameworks */ = {
			isa = PBXFrameworksBuildPhase;
			buildActionMask = 2147483647;
			files = (
				44E078FF2028C7F300C80DCA /* CloudKit.framework in Frameworks */,
			);
			runOnlyForDeploymentPostprocessing = 0;
		};
/* End PBXFrameworksBuildPhase section */

/* Begin PBXGroup section */
		44E078DE2028C7CF00C80DCA = {
			isa = PBXGroup;
			children = (
				44E079032028CE4B00C80DCA /* Default-568h@2x.png */,
				44E078E92028C7CF00C80DCA /* BullitonBoard */,
				44E078E82028C7CF00C80DCA /* Products */,
				44E078FD2028C7F300C80DCA /* Frameworks */,
			);
			sourceTree = "<group>";
		};
		44E078E82028C7CF00C80DCA /* Products */ = {
			isa = PBXGroup;
			children = (
				44E078E72028C7CF00C80DCA /* BullitonBoard.app */,
			);
			name = Products;
			sourceTree = "<group>";
		};
		44E078E92028C7CF00C80DCA /* BullitonBoard */ = {
			isa = PBXGroup;
			children = (
				44E078FC2028C7EA00C80DCA /* BullitonBoard.entitlements */,
				44E079082028D18900C80DCA /* Constance.swift */,
				44E0790D2028D59500C80DCA /* CloudKitManager.swift */,
				44E0790C2028D43000C80DCA /* Models+Controllers */,
				44E079052028CF2200C80DCA /* Views+Controllers */,
				44E078EA2028C7CF00C80DCA /* AppDelegate.swift */,
				44E079002028CC7C00C80DCA /* Resources */,
			);
			path = BullitonBoard;
			sourceTree = "<group>";
		};
		44E078FD2028C7F300C80DCA /* Frameworks */ = {
			isa = PBXGroup;
			children = (
				44E078FE2028C7F300C80DCA /* CloudKit.framework */,
			);
			name = Frameworks;
			sourceTree = "<group>";
		};
		44E079002028CC7C00C80DCA /* Resources */ = {
			isa = PBXGroup;
			children = (
				44E078F12028C7CF00C80DCA /* Assets.xcassets */,
				44E078F32028C7CF00C80DCA /* LaunchScreen.storyboard */,
				44E078F62028C7CF00C80DCA /* Info.plist */,
			);
			path = Resources;
			sourceTree = "<group>";
		};
		44E079052028CF2200C80DCA /* Views+Controllers */ = {
			isa = PBXGroup;
			children = (
				44E079012028CCAC00C80DCA /* MainTableViewController.swift */,
				44E078EE2028C7CF00C80DCA /* Main.storyboard */,
			);
			path = "Views+Controllers";
			sourceTree = "<group>";
		};
		44E0790C2028D43000C80DCA /* Models+Controllers */ = {
			isa = PBXGroup;
			children = (
				44E079062028CF3D00C80DCA /* Message.swift */,
				44E0790A2028D42800C80DCA /* MessageController.swift */,
			);
			path = "Models+Controllers";
			sourceTree = "<group>";
		};
/* End PBXGroup section */

/* Begin PBXNativeTarget section */
		44E078E62028C7CF00C80DCA /* BullitonBoard */ = {
			isa = PBXNativeTarget;
			buildConfigurationList = 44E078F92028C7CF00C80DCA /* Build configuration list for PBXNativeTarget "BullitonBoard" */;
			buildPhases = (
				44E078E32028C7CF00C80DCA /* Sources */,
				44E078E42028C7CF00C80DCA /* Frameworks */,
				44E078E52028C7CF00C80DCA /* Resources */,
			);
			buildRules = (
			);
			dependencies = (
			);
			name = BullitonBoard;
			productName = BullitonBoard;
			productReference = 44E078E72028C7CF00C80DCA /* BullitonBoard.app */;
			productType = "com.apple.product-type.application";
		};
/* End PBXNativeTarget section */

/* Begin PBXProject section */
		44E078DF2028C7CF00C80DCA /* Project object */ = {
			isa = PBXProject;
			attributes = {
				LastSwiftUpdateCheck = 0920;
				LastUpgradeCheck = 0920;
				ORGANIZATIONNAME = "Erik HARTLEY";
				TargetAttributes = {
					44E078E62028C7CF00C80DCA = {
						CreatedOnToolsVersion = 9.2;
						ProvisioningStyle = Automatic;
						SystemCapabilities = {
							com.apple.Push = {
								enabled = 1;
							};
							com.apple.iCloud = {
								enabled = 1;
							};
						};
					};
				};
			};
			buildConfigurationList = 44E078E22028C7CF00C80DCA /* Build configuration list for PBXProject "BullitonBoard" */;
			compatibilityVersion = "Xcode 8.0";
			developmentRegion = en;
			hasScannedForEncodings = 0;
			knownRegions = (
				en,
				Base,
			);
			mainGroup = 44E078DE2028C7CF00C80DCA;
			productRefGroup = 44E078E82028C7CF00C80DCA /* Products */;
			projectDirPath = "";
			projectRoot = "";
			targets = (
				44E078E62028C7CF00C80DCA /* BullitonBoard */,
			);
		};
/* End PBXProject section */

/* Begin PBXResourcesBuildPhase section */
		44E078E52028C7CF00C80DCA /* Resources */ = {
			isa = PBXResourcesBuildPhase;
			buildActionMask = 2147483647;
			files = (
				44E078F52028C7CF00C80DCA /* LaunchScreen.storyboard in Resources */,
				44E079042028CE4B00C80DCA /* Default-568h@2x.png in Resources */,
				44E078F22028C7CF00C80DCA /* Assets.xcassets in Resources */,
				44E078F02028C7CF00C80DCA /* Main.storyboard in Resources */,
			);
			runOnlyForDeploymentPostprocessing = 0;
		};
/* End PBXResourcesBuildPhase section */

/* Begin PBXSourcesBuildPhase section */
		44E078E32028C7CF00C80DCA /* Sources */ = {
			isa = PBXSourcesBuildPhase;
			buildActionMask = 2147483647;
			files = (
				44E079092028D18900C80DCA /* Constance.swift in Sources */,
				44E079072028CF3D00C80DCA /* Message.swift in Sources */,
				44E0790E2028D59500C80DCA /* CloudKitManager.swift in Sources */,
				44E0790B2028D42800C80DCA /* MessageController.swift in Sources */,
				44E079022028CCAC00C80DCA /* MainTableViewController.swift in Sources */,
				44E078EB2028C7CF00C80DCA /* AppDelegate.swift in Sources */,
			);
			runOnlyForDeploymentPostprocessing = 0;
		};
/* End PBXSourcesBuildPhase section */

/* Begin PBXVariantGroup section */
		44E078EE2028C7CF00C80DCA /* Main.storyboard */ = {
			isa = PBXVariantGroup;
			children = (
				44E078EF2028C7CF00C80DCA /* Base */,
			);
			name = Main.storyboard;
			sourceTree = "<group>";
		};
		44E078F32028C7CF00C80DCA /* LaunchScreen.storyboard */ = {
			isa = PBXVariantGroup;
			children = (
				44E078F42028C7CF00C80DCA /* Base */,
			);
			name = LaunchScreen.storyboard;
			sourceTree = "<group>";
		};
/* End PBXVariantGroup section */

/* Begin XCBuildConfiguration section */
		44E078F72028C7CF00C80DCA /* Debug */ = {
			isa = XCBuildConfiguration;
			buildSettings = {
				ALWAYS_SEARCH_USER_PATHS = NO;
				CLANG_ANALYZER_NONNULL = YES;
				CLANG_ANALYZER_NUMBER_OBJECT_CONVERSION = YES_AGGRESSIVE;
				CLANG_CXX_LANGUAGE_STANDARD = "gnu++14";
				CLANG_CXX_LIBRARY = "libc++";
				CLANG_ENABLE_MODULES = YES;
				CLANG_ENABLE_OBJC_ARC = YES;
				CLANG_WARN_BLOCK_CAPTURE_AUTORELEASING = YES;
				CLANG_WARN_BOOL_CONVERSION = YES;
				CLANG_WARN_COMMA = YES;
				CLANG_WARN_CONSTANT_CONVERSION = YES;
				CLANG_WARN_DIRECT_OBJC_ISA_USAGE = YES_ERROR;
				CLANG_WARN_DOCUMENTATION_COMMENTS = YES;
				CLANG_WARN_EMPTY_BODY = YES;
				CLANG_WARN_ENUM_CONVERSION = YES;
				CLANG_WARN_INFINITE_RECURSION = YES;
				CLANG_WARN_INT_CONVERSION = YES;
				CLANG_WARN_NON_LITERAL_NULL_CONVERSION = YES;
				CLANG_WARN_OBJC_LITERAL_CONVERSION = YES;
				CLANG_WARN_OBJC_ROOT_CLASS = YES_ERROR;
				CLANG_WARN_RANGE_LOOP_ANALYSIS = YES;
				CLANG_WARN_STRICT_PROTOTYPES = YES;
				CLANG_WARN_SUSPICIOUS_MOVE = YES;
				CLANG_WARN_UNGUARDED_AVAILABILITY = YES_AGGRESSIVE;
				CLANG_WARN_UNREACHABLE_CODE = YES;
				CLANG_WARN__DUPLICATE_METHOD_MATCH = YES;
				CODE_SIGN_IDENTITY = "iPhone Developer";
				COPY_PHASE_STRIP = NO;
				DEBUG_INFORMATION_FORMAT = dwarf;
				ENABLE_STRICT_OBJC_MSGSEND = YES;
				ENABLE_TESTABILITY = YES;
				GCC_C_LANGUAGE_STANDARD = gnu11;
				GCC_DYNAMIC_NO_PIC = NO;
				GCC_NO_COMMON_BLOCKS = YES;
				GCC_OPTIMIZATION_LEVEL = 0;
				GCC_PREPROCESSOR_DEFINITIONS = (
					"DEBUG=1",
					"$(inherited)",
				);
				GCC_WARN_64_TO_32_BIT_CONVERSION = YES;
				GCC_WARN_ABOUT_RETURN_TYPE = YES_ERROR;
				GCC_WARN_UNDECLARED_SELECTOR = YES;
				GCC_WARN_UNINITIALIZED_AUTOS = YES_AGGRESSIVE;
				GCC_WARN_UNUSED_FUNCTION = YES;
				GCC_WARN_UNUSED_VARIABLE = YES;
				IPHONEOS_DEPLOYMENT_TARGET = 11.2;
				MTL_ENABLE_DEBUG_INFO = YES;
				ONLY_ACTIVE_ARCH = YES;
				SDKROOT = iphoneos;
				SWIFT_ACTIVE_COMPILATION_CONDITIONS = DEBUG;
				SWIFT_OPTIMIZATION_LEVEL = "-Onone";
			};
			name = Debug;
		};
		44E078F82028C7CF00C80DCA /* Release */ = {
			isa = XCBuildConfiguration;
			buildSettings = {
				ALWAYS_SEARCH_USER_PATHS = NO;
				CLANG_ANALYZER_NONNULL = YES;
				CLANG_ANALYZER_NUMBER_OBJECT_CONVERSION = YES_AGGRESSIVE;
				CLANG_CXX_LANGUAGE_STANDARD = "gnu++14";
				CLANG_CXX_LIBRARY = "libc++";
				CLANG_ENABLE_MODULES = YES;
				CLANG_ENABLE_OBJC_ARC = YES;
				CLANG_WARN_BLOCK_CAPTURE_AUTORELEASING = YES;
				CLANG_WARN_BOOL_CONVERSION = YES;
				CLANG_WARN_COMMA = YES;
				CLANG_WARN_CONSTANT_CONVERSION = YES;
				CLANG_WARN_DIRECT_OBJC_ISA_USAGE = YES_ERROR;
				CLANG_WARN_DOCUMENTATION_COMMENTS = YES;
				CLANG_WARN_EMPTY_BODY = YES;
				CLANG_WARN_ENUM_CONVERSION = YES;
				CLANG_WARN_INFINITE_RECURSION = YES;
				CLANG_WARN_INT_CONVERSION = YES;
				CLANG_WARN_NON_LITERAL_NULL_CONVERSION = YES;
				CLANG_WARN_OBJC_LITERAL_CONVERSION = YES;
				CLANG_WARN_OBJC_ROOT_CLASS = YES_ERROR;
				CLANG_WARN_RANGE_LOOP_ANALYSIS = YES;
				CLANG_WARN_STRICT_PROTOTYPES = YES;
				CLANG_WARN_SUSPICIOUS_MOVE = YES;
				CLANG_WARN_UNGUARDED_AVAILABILITY = YES_AGGRESSIVE;
				CLANG_WARN_UNREACHABLE_CODE = YES;
				CLANG_WARN__DUPLICATE_METHOD_MATCH = YES;
				CODE_SIGN_IDENTITY = "iPhone Developer";
				COPY_PHASE_STRIP = NO;
				DEBUG_INFORMATION_FORMAT = "dwarf-with-dsym";
				ENABLE_NS_ASSERTIONS = NO;
				ENABLE_STRICT_OBJC_MSGSEND = YES;
				GCC_C_LANGUAGE_STANDARD = gnu11;
				GCC_NO_COMMON_BLOCKS = YES;
				GCC_WARN_64_TO_32_BIT_CONVERSION = YES;
				GCC_WARN_ABOUT_RETURN_TYPE = YES_ERROR;
				GCC_WARN_UNDECLARED_SELECTOR = YES;
				GCC_WARN_UNINITIALIZED_AUTOS = YES_AGGRESSIVE;
				GCC_WARN_UNUSED_FUNCTION = YES;
				GCC_WARN_UNUSED_VARIABLE = YES;
				IPHONEOS_DEPLOYMENT_TARGET = 11.2;
				MTL_ENABLE_DEBUG_INFO = NO;
				SDKROOT = iphoneos;
				SWIFT_OPTIMIZATION_LEVEL = "-Owholemodule";
				VALIDATE_PRODUCT = YES;
			};
			name = Release;
		};
		44E078FA2028C7CF00C80DCA /* Debug */ = {
			isa = XCBuildConfiguration;
			buildSettings = {
				ASSETCATALOG_COMPILER_APPICON_NAME = AppIcon;
				CODE_SIGN_ENTITLEMENTS = BullitonBoard/BullitonBoard.entitlements;
				"CODE_SIGN_IDENTITY[sdk=iphoneos*]" = "iPhone Developer";
				CODE_SIGN_STYLE = Automatic;
				DEVELOPMENT_TEAM = B7X639V2D7;
				INFOPLIST_FILE = "$(SRCROOT)/BullitonBoard/Resources/Info.plist";
				LD_RUNPATH_SEARCH_PATHS = "$(inherited) @executable_path/Frameworks";
				PRODUCT_BUNDLE_IDENTIFIER = erikhart1990.BullitonBoard;
				PRODUCT_NAME = "$(TARGET_NAME)";
				PROVISIONING_PROFILE_SPECIFIER = "";
				SWIFT_VERSION = 4.0;
				TARGETED_DEVICE_FAMILY = "1,2";
			};
			name = Debug;
		};
		44E078FB2028C7CF00C80DCA /* Release */ = {
			isa = XCBuildConfiguration;
			buildSettings = {
				ASSETCATALOG_COMPILER_APPICON_NAME = AppIcon;
				CODE_SIGN_ENTITLEMENTS = BullitonBoard/BullitonBoard.entitlements;
				"CODE_SIGN_IDENTITY[sdk=iphoneos*]" = "iPhone Developer";
				CODE_SIGN_STYLE = Automatic;
				DEVELOPMENT_TEAM = B7X639V2D7;
				INFOPLIST_FILE = "$(SRCROOT)/BullitonBoard/Resources/Info.plist";
				LD_RUNPATH_SEARCH_PATHS = "$(inherited) @executable_path/Frameworks";
				PRODUCT_BUNDLE_IDENTIFIER = erikhart1990.BullitonBoard;
				PRODUCT_NAME = "$(TARGET_NAME)";
				PROVISIONING_PROFILE_SPECIFIER = "";
				SWIFT_VERSION = 4.0;
				TARGETED_DEVICE_FAMILY = "1,2";
			};
			name = Release;
		};
/* End XCBuildConfiguration section */

/* Begin XCConfigurationList section */
		44E078E22028C7CF00C80DCA /* Build configuration list for PBXProject "BullitonBoard" */ = {
			isa = XCConfigurationList;
			buildConfigurations = (
				44E078F72028C7CF00C80DCA /* Debug */,
				44E078F82028C7CF00C80DCA /* Release */,
			);
			defaultConfigurationIsVisible = 0;
			defaultConfigurationName = Release;
		};
		44E078F92028C7CF00C80DCA /* Build configuration list for PBXNativeTarget "BullitonBoard" */ = {
			isa = XCConfigurationList;
			buildConfigurations = (
				44E078FA2028C7CF00C80DCA /* Debug */,
				44E078FB2028C7CF00C80DCA /* Release */,
			);
			defaultConfigurationIsVisible = 0;
			defaultConfigurationName = Release;
		};
/* End XCConfigurationList section */
	};
	rootObject = 44E078DF2028C7CF00C80DCA /* Project object */;
}
